
Microsoft Visual Studio Solution File, Format Version 12.00
# Visual Studio 15
Project("{FAE04EC0-301F-11D3-BF4B-00C04F79EFBC}") = "UnityEngine.UI", "UnityEngine.UI.csproj", "{742FA43D-86B5-F478-39B1-373B4D5DF8CC}"
EndProject
Project("{FAE04EC0-301F-11D3-BF4B-00C04F79EFBC}") = "Assembly-CSharp", "Assembly-CSharp.csproj", "{0E025B31-CB9A-7721-497E-6B6B6381E7CE}"
EndProject
Project("{FAE04EC0-301F-11D3-BF4B-00C04F79EFBC}") = "UnityEditor.UI", "UnityEditor.UI.csproj", "{2855CB98-7FA5-3935-B7A3-922F0C5ABA14}"
EndProject
Global
	GlobalSection(SolutionConfigurationPlatforms) = preSolution
		Debug|Any CPU = Debug|Any CPU
		Release|Any CPU = Release|Any CPU
	EndGlobalSection
	GlobalSection(ProjectConfigurationPlatforms) = postSolution
		{742FA43D-86B5-F478-39B1-373B4D5DF8CC}.Debug|Any CPU.ActiveCfg = Debug|Any CPU
		{742FA43D-86B5-F478-39B1-373B4D5DF8CC}.Debug|Any CPU.Build.0 = Debug|Any CPU
		{742FA43D-86B5-F478-39B1-373B4D5DF8CC}.Release|Any CPU.ActiveCfg = Release|Any CPU
		{742FA43D-86B5-F478-39B1-373B4D5DF8CC}.Release|Any CPU.Build.0 = Release|Any CPU
		{0E025B31-CB9A-7721-497E-6B6B6381E7CE}.Debug|Any CPU.ActiveCfg = Debug|Any CPU
		{0E025B31-CB9A-7721-497E-6B6B6381E7CE}.Debug|Any CPU.Build.0 = Debug|Any CPU
		{0E025B31-CB9A-7721-497E-6B6B6381E7CE}.Release|Any CPU.ActiveCfg = Release|Any CPU
		{0E025B31-CB9A-7721-497E-6B6B6381E7CE}.Release|Any CPU.Build.0 = Release|Any CPU
		{2855CB98-7FA5-3935-B7A3-922F0C5ABA14}.Debug|Any CPU.ActiveCfg = Debug|Any CPU
		{2855CB98-7FA5-3935-B7A3-922F0C5ABA14}.Debug|Any CPU.Build.0 = Debug|Any CPU
		{2855CB98-7FA5-3935-B7A3-922F0C5ABA14}.Release|Any CPU.ActiveCfg = Release|Any CPU
		{2855CB98-7FA5-3935-B7A3-922F0C5ABA14}.Release|Any CPU.Build.0 = Release|Any CPU
	EndGlobalSection
	GlobalSection(SolutionProperties) = preSolution
		HideSolutionNode = FALSE
	EndGlobalSection
EndGlobal
